<?xml version="1.0" encoding="utf-8"?>
<Project ToolsVersion="4.0" xmlns="http://schemas.microsoft.com/developer/msbuild/2003">
  <ItemGroup>
    <Filter Include="Source Files">
      <UniqueIdentifier>{4FC737F1-C7A5-4376-A066-2A32D752A2FF}</UniqueIdentifier>
      <Extensions>cpp;c;cc;cxx;def;odl;idl;hpj;bat;asm;asmx</Extensions>
    </Filter>
    <Filter Include="Header Files">
      <UniqueIdentifier>{93995380-89BD-4b04-88EB-625FBE52EBFB}</UniqueIdentifier>
      <Extensions>h;hpp;hxx;hm;inl;inc;xsd</Extensions>
    </Filter>
    <Filter Include="Resource Files">
      <UniqueIdentifier>{67DA6AB6-F800-4c08-8B7A-83BB121AAD01}</UniqueIdentifier>
      <Extensions>rc;ico;cur;bmp;dlg;rc2;rct;bin;rgs;gif;jpg;jpeg;jpe;resx;tiff;tif;png;wav</Extensions>
    </Filter>
  </ItemGroup>
  <ItemGroup>
    <ClCompile Include="..\src\audio-sdlmixer.cc">
      <Filter>Source Files</Filter>
    </ClCompile>
    <ClCompile Include="..\src\audio.cc">
      <Filter>Source Files</Filter>
    </ClCompile>
    <ClCompile Include="..\src\building.cc">
      <Filter>Source Files</Filter>
    </ClCompile>
    <ClCompile Include="..\src\data-source-dos.cc">
      <Filter>Source Files</Filter>
    </ClCompile>
    <ClCompile Include="..\src\data-source.cc">
      <Filter>Source Files</Filter>
    </ClCompile>
    <ClCompile Include="..\src\data.cc">
      <Filter>Source Files</Filter>
    </ClCompile>
    <ClCompile Include="..\src\debug.cc">
      <Filter>Source Files</Filter>
    </ClCompile>
    <ClCompile Include="..\src\event_loop-sdl.cc">
      <Filter>Source Files</Filter>
    </ClCompile>
    <ClCompile Include="..\src\event_loop.cc">
      <Filter>Source Files</Filter>
    </ClCompile>
    <ClCompile Include="..\src\flag.cc">
      <Filter>Source Files</Filter>
    </ClCompile>
    <ClCompile Include="..\src\freeserf.cc">
      <Filter>Source Files</Filter>
    </ClCompile>
    <ClCompile Include="..\src\game-init.cc">
      <Filter>Source Files</Filter>
    </ClCompile>
    <ClCompile Include="..\src\game.cc">
      <Filter>Source Files</Filter>
    </ClCompile>
    <ClCompile Include="..\src\gfx.cc">
      <Filter>Source Files</Filter>
    </ClCompile>
    <ClCompile Include="..\src\gui.cc">
      <Filter>Source Files</Filter>
    </ClCompile>
    <ClCompile Include="..\src\interface.cc">
      <Filter>Source Files</Filter>
    </ClCompile>
    <ClCompile Include="..\src\inventory.cc">
      <Filter>Source Files</Filter>
    </ClCompile>
    <ClCompile Include="..\src\log.cc">
      <Filter>Source Files</Filter>
    </ClCompile>
    <ClCompile Include="..\src\map.cc">
      <Filter>Source Files</Filter>
    </ClCompile>
    <ClCompile Include="..\src\map-generator.cc">
      <Filter>Source Files</Filter>
    </ClCompile>
    <ClCompile Include="..\src\minimap.cc">
      <Filter>Source Files</Filter>
    </ClCompile>
    <ClCompile Include="..\src\mission.cc">
      <Filter>Source Files</Filter>
    </ClCompile>
    <ClCompile Include="..\src\notification.cc">
      <Filter>Source Files</Filter>
    </ClCompile>
    <ClCompile Include="..\src\panel.cc">
      <Filter>Source Files</Filter>
    </ClCompile>
    <ClCompile Include="..\src\pathfinder.cc">
      <Filter>Source Files</Filter>
    </ClCompile>
    <ClCompile Include="..\src\player.cc">
      <Filter>Source Files</Filter>
    </ClCompile>
    <ClCompile Include="..\src\popup.cc">
      <Filter>Source Files</Filter>
    </ClCompile>
    <ClCompile Include="..\src\random.cc">
      <Filter>Source Files</Filter>
    </ClCompile>
    <ClCompile Include="..\src\savegame.cc">
      <Filter>Source Files</Filter>
    </ClCompile>
    <ClCompile Include="..\src\serf.cc">
      <Filter>Source Files</Filter>
    </ClCompile>
    <ClCompile Include="..\src\sfx2wav.cc">
      <Filter>Source Files</Filter>
    </ClCompile>
    <ClCompile Include="..\src\text-input.cc">
      <Filter>Source Files</Filter>
    </ClCompile>
    <ClCompile Include="..\src\tpwm.cc">
      <Filter>Source Files</Filter>
    </ClCompile>
    <ClCompile Include="..\src\version.cc">
      <Filter>Source Files</Filter>
    </ClCompile>
    <ClCompile Include="..\src\video-sdl.cc">
      <Filter>Source Files</Filter>
    </ClCompile>
    <ClCompile Include="..\src\video.cc">
      <Filter>Source Files</Filter>
    </ClCompile>
    <ClCompile Include="..\src\viewport.cc">
      <Filter>Source Files</Filter>
    </ClCompile>
    <ClCompile Include="..\src\xmi2mid.cc">
      <Filter>Source Files</Filter>
    </ClCompile>
    <ClCompile Include="..\src\data-source-amiga.cc">
      <Filter>Source Files</Filter>
    </ClCompile>
    <ClCompile Include="..\src\list.cc">
      <Filter>Source Files</Filter>
    </ClCompile>
  </ItemGroup>
  <ItemGroup>
    <ClInclude Include="..\src\audio-sdlmixer.h">
      <Filter>Header Files</Filter>
    </ClInclude>
    <ClInclude Include="..\src\audio.h">
      <Filter>Header Files</Filter>
    </ClInclude>
    <ClInclude Include="..\src\building.h">
      <Filter>Header Files</Filter>
    </ClInclude>
    <ClInclude Include="..\src\data-source-dos.h">
      <Filter>Header Files</Filter>
    </ClInclude>
    <ClInclude Include="..\src\data-source.h">
      <Filter>Header Files</Filter>
    </ClInclude>
    <ClInclude Include="..\src\data.h">
      <Filter>Header Files</Filter>
    </ClInclude>
    <ClInclude Include="..\src\debug.h">
      <Filter>Header Files</Filter>
    </ClInclude>
    <ClInclude Include="..\src\event_loop-sdl.h">
      <Filter>Header Files</Filter>
    </ClInclude>
    <ClInclude Include="..\src\event_loop.h">
      <Filter>Header Files</Filter>
    </ClInclude>
    <ClInclude Include="..\src\flag.h">
      <Filter>Header Files</Filter>
    </ClInclude>
    <ClInclude Include="..\src\freeserf.h">
      <Filter>Header Files</Filter>
    </ClInclude>
    <ClInclude Include="..\src\freeserf_endian.h">
      <Filter>Header Files</Filter>
    </ClInclude>
    <ClInclude Include="..\src\game-init.h">
      <Filter>Header Files</Filter>
    </ClInclude>
    <ClInclude Include="..\src\game.h">
      <Filter>Header Files</Filter>
    </ClInclude>
    <ClInclude Include="..\src\gfx.h">
      <Filter>Header Files</Filter>
    </ClInclude>
    <ClInclude Include="..\src\gui.h">
      <Filter>Header Files</Filter>
    </ClInclude>
    <ClInclude Include="..\src\interface.h">
      <Filter>Header Files</Filter>
    </ClInclude>
    <ClInclude Include="..\src\inventory.h">
      <Filter>Header Files</Filter>
    </ClInclude>
    <ClInclude Include="..\src\log.h">
      <Filter>Header Files</Filter>
    </ClInclude>
    <ClInclude Include="..\src\map.h">
      <Filter>Header Files</Filter>
    </ClInclude>
    <ClInclude Include="..\src\map-generator.h">
      <Filter>Header Files</Filter>
    </ClInclude>
    <ClInclude Include="..\src\minimap.h">
      <Filter>Header Files</Filter>
    </ClInclude>
    <ClInclude Include="..\src\misc.h">
      <Filter>Header Files</Filter>
    </ClInclude>
    <ClInclude Include="..\src\mission.h">
      <Filter>Header Files</Filter>
    </ClInclude>
    <ClInclude Include="..\src\notification.h">
      <Filter>Header Files</Filter>
    </ClInclude>
    <ClInclude Include="..\src\objects.h">
      <Filter>Header Files</Filter>
    </ClInclude>
    <ClInclude Include="..\src\panel.h">
      <Filter>Header Files</Filter>
    </ClInclude>
    <ClInclude Include="..\src\pathfinder.h">
      <Filter>Header Files</Filter>
    </ClInclude>
    <ClInclude Include="..\src\player.h">
      <Filter>Header Files</Filter>
    </ClInclude>
    <ClInclude Include="..\src\popup.h">
      <Filter>Header Files</Filter>
    </ClInclude>
    <ClInclude Include="..\src\random.h">
      <Filter>Header Files</Filter>
    </ClInclude>
    <ClInclude Include="..\src\resource.h">
      <Filter>Header Files</Filter>
    </ClInclude>
    <ClInclude Include="..\src\savegame.h">
      <Filter>Header Files</Filter>
    </ClInclude>
    <ClInclude Include="..\src\serf.h">
      <Filter>Header Files</Filter>
    </ClInclude>
    <ClInclude Include="..\src\sfx2wav.h">
      <Filter>Header Files</Filter>
    </ClInclude>
    <ClInclude Include="..\src\text-input.h">
      <Filter>Header Files</Filter>
    </ClInclude>
    <ClInclude Include="..\src\tpwm.h">
      <Filter>Header Files</Filter>
    </ClInclude>
    <ClInclude Include="version-vcs.h">
      <Filter>Header Files</Filter>
    </ClInclude>
    <ClInclude Include="..\src\version.h">
      <Filter>Header Files</Filter>
    </ClInclude>
    <ClInclude Include="..\src\video-sdl.h">
      <Filter>Header Files</Filter>
    </ClInclude>
    <ClInclude Include="..\src\video.h">
      <Filter>Header Files</Filter>
    </ClInclude>
    <ClInclude Include="..\src\viewport.h">
      <Filter>Header Files</Filter>
    </ClInclude>
    <ClInclude Include="..\src\xmi2mid.h">
      <Filter>Header Files</Filter>
    </ClInclude>
    <ClInclude Include="..\src\data-source-amiga.h">
      <Filter>Header Files</Filter>
    </ClInclude>
    <ClInclude Include="..\src\list.h">
      <Filter>Header Files</Filter>
    </ClInclude>
  </ItemGroup>
</Project>